
Microsoft Visual Studio Solution File, Format Version 12.00
# Visual Studio 15
VisualStudioVersion = 15.0.28010.2048
MinimumVisualStudioVersion = 10.0.40219.1
Project("{FAE04EC0-301F-11D3-BF4B-00C04F79EFBC}") = "mrp123.api", "mrp123.api\mrp123.api.csproj", "{D0633098-66C1-44D1-8ACB-DE1DF53D2F47}"
EndProject
Global
	GlobalSection(SolutionConfigurationPlatforms) = preSolution
		Debug|Any CPU = Debug|Any CPU
		Release|Any CPU = Release|Any CPU
	EndGlobalSection
	GlobalSection(ProjectConfigurationPlatforms) = postSolution
		{D0633098-66C1-44D1-8ACB-DE1DF53D2F47}.Debug|Any CPU.ActiveCfg = Debug|Any CPU
		{D0633098-66C1-44D1-8ACB-DE1DF53D2F47}.Debug|Any CPU.Build.0 = Debug|Any CPU
		{D0633098-66C1-44D1-8ACB-DE1DF53D2F47}.Release|Any CPU.ActiveCfg = Release|Any CPU
		{D0633098-66C1-44D1-8ACB-DE1DF53D2F47}.Release|Any CPU.Build.0 = Release|Any CPU
	EndGlobalSection
	GlobalSection(SolutionProperties) = preSolution
		HideSolutionNode = FALSE
	EndGlobalSection
	GlobalSection(ExtensibilityGlobals) = postSolution
		SolutionGuid = {67AE785D-1561-4F5B-87DF-D1D02AB39B08}
	EndGlobalSection
EndGlobal
